// !$*UTF8*$!
{
	archiveVersion = 1;
	classes = {
	};
	objectVersion = 77;
	objects = {

/* Begin PBXContainerItemProxy section */
		80CB6A952CCE7D2100EEC6A3 /* PBXContainerItemProxy */ = {
			isa = PBXContainerItemProxy;
			containerPortal = 80CB6A762CCE7D2000EEC6A3 /* Project object */;
			proxyType = 1;
			remoteGlobalIDString = 80CB6A7D2CCE7D2000EEC6A3;
			remoteInfo = "kinda-contacter";
		};
		80CB6A9F2CCE7D2100EEC6A3 /* PBXContainerItemProxy */ = {
			isa = PBXContainerItemProxy;
			containerPortal = 80CB6A762CCE7D2000EEC6A3 /* Project object */;
			proxyType = 1;
			remoteGlobalIDString = 80CB6A7D2CCE7D2000EEC6A3;
			remoteInfo = "kinda-contacter";
		};
/* End PBXContainerItemProxy section */

/* Begin PBXFileReference section */
		80CB6A7E2CCE7D2000EEC6A3 /* kinda-contacter.app */ = {isa = PBXFileReference; explicitFileType = wrapper.application; includeInIndex = 0; path = "kinda-contacter.app"; sourceTree = BUILT_PRODUCTS_DIR; };
		80CB6A942CCE7D2100EEC6A3 /* kinda-contacterTests.xctest */ = {isa = PBXFileReference; explicitFileType = wrapper.cfbundle; includeInIndex = 0; path = "kinda-contacterTests.xctest"; sourceTree = BUILT_PRODUCTS_DIR; };
		80CB6A9E2CCE7D2100EEC6A3 /* kinda-contacterUITests.xctest */ = {isa = PBXFileReference; explicitFileType = wrapper.cfbundle; includeInIndex = 0; path = "kinda-contacterUITests.xctest"; sourceTree = BUILT_PRODUCTS_DIR; };
/* End PBXFileReference section */

/* Begin PBXFileSystemSynchronizedBuildFileExceptionSet section */
		80CB6AA62CCE7D2100EEC6A3 /* Exceptions for "kinda-contacter" folder in "kinda-contacter" target */ = {
			isa = PBXFileSystemSynchronizedBuildFileExceptionSet;
			membershipExceptions = (
				Info.plist,
			);
			target = 80CB6A7D2CCE7D2000EEC6A3 /* kinda-contacter */;
		};
/* End PBXFileSystemSynchronizedBuildFileExceptionSet section */

/* Begin PBXFileSystemSynchronizedRootGroup section */
		80CB6A802CCE7D2000EEC6A3 /* kinda-contacter */ = {
			isa = PBXFileSystemSynchronizedRootGroup;
			exceptions = (
				80CB6AA62CCE7D2100EEC6A3 /* Exceptions for "kinda-contacter" folder in "kinda-contacter" target */,
			);
			path = "kinda-contacter";
			sourceTree = "<group>";
		};
		80CB6A972CCE7D2100EEC6A3 /* kinda-contacterTests */ = {
			isa = PBXFileSystemSynchronizedRootGroup;
			path = "kinda-contacterTests";
			sourceTree = "<group>";
		};
		80CB6AA12CCE7D2100EEC6A3 /* kinda-contacterUITests */ = {
			isa = PBXFileSystemSynchronizedRootGroup;
			path = "kinda-contacterUITests";
			sourceTree = "<group>";
		};
/* End PBXFileSystemSynchronizedRootGroup section */

/* Begin PBXFrameworksBuildPhase section */
		80CB6A7B2CCE7D2000EEC6A3 /* Frameworks */ = {
			isa = PBXFrameworksBuildPhase;
			buildActionMask = 2147483647;
			files = (
			);
			runOnlyForDeploymentPostprocessing = 0;
		};
		80CB6A912CCE7D2100EEC6A3 /* Frameworks */ = {
			isa = PBXFrameworksBuildPhase;
			buildActionMask = 2147483647;
			files = (
			);
			runOnlyForDeploymentPostprocessing = 0;
		};
		80CB6A9B2CCE7D2100EEC6A3 /* Frameworks */ = {
			isa = PBXFrameworksBuildPhase;
			buildActionMask = 2147483647;
			files = (
			);
			runOnlyForDeploymentPostprocessing = 0;
		};
/* End PBXFrameworksBuildPhase section */

/* Begin PBXGroup section */
		80CB6A752CCE7D2000EEC6A3 = {
			isa = PBXGroup;
			children = (
				80CB6A802CCE7D2000EEC6A3 /* kinda-contacter */,
				80CB6A972CCE7D2100EEC6A3 /* kinda-contacterTests */,
				80CB6AA12CCE7D2100EEC6A3 /* kinda-contacterUITests */,
				80CB6A7F2CCE7D2000EEC6A3 /* Products */,
			);
			sourceTree = "<group>";
		};
		80CB6A7F2CCE7D2000EEC6A3 /* Products */ = {
			isa = PBXGroup;
			children = (
				80CB6A7E2CCE7D2000EEC6A3 /* kinda-contacter.app */,
				80CB6A942CCE7D2100EEC6A3 /* kinda-contacterTests.xctest */,
				80CB6A9E2CCE7D2100EEC6A3 /* kinda-contacterUITests.xctest */,
			);
			name = Products;
			sourceTree = "<group>";
		};
/* End PBXGroup section */

/* Begin PBXNativeTarget section */
		80CB6A7D2CCE7D2000EEC6A3 /* kinda-contacter */ = {
			isa = PBXNativeTarget;
			buildConfigurationList = 80CB6AA72CCE7D2100EEC6A3 /* Build configuration list for PBXNativeTarget "kinda-contacter" */;
			buildPhases = (
				80CB6A7A2CCE7D2000EEC6A3 /* Sources */,
				80CB6A7B2CCE7D2000EEC6A3 /* Frameworks */,
				80CB6A7C2CCE7D2000EEC6A3 /* Resources */,
			);
			buildRules = (
			);
			dependencies = (
			);
			fileSystemSynchronizedGroups = (
				80CB6A802CCE7D2000EEC6A3 /* kinda-contacter */,
			);
			name = "kinda-contacter";
			packageProductDependencies = (
			);
			productName = "kinda-contacter";
			productReference = 80CB6A7E2CCE7D2000EEC6A3 /* kinda-contacter.app */;
			productType = "com.apple.product-type.application";
		};
		80CB6A932CCE7D2100EEC6A3 /* kinda-contacterTests */ = {
			isa = PBXNativeTarget;
			buildConfigurationList = 80CB6AAC2CCE7D2100EEC6A3 /* Build configuration list for PBXNativeTarget "kinda-contacterTests" */;
			buildPhases = (
				80CB6A902CCE7D2100EEC6A3 /* Sources */,
				80CB6A912CCE7D2100EEC6A3 /* Frameworks */,
				80CB6A922CCE7D2100EEC6A3 /* Resources */,
			);
			buildRules = (
			);
			dependencies = (
				80CB6A962CCE7D2100EEC6A3 /* PBXTargetDependency */,
			);
			fileSystemSynchronizedGroups = (
				80CB6A972CCE7D2100EEC6A3 /* kinda-contacterTests */,
			);
			name = "kinda-contacterTests";
			packageProductDependencies = (
			);
			productName = "kinda-contacterTests";
			productReference = 80CB6A942CCE7D2100EEC6A3 /* kinda-contacterTests.xctest */;
			productType = "com.apple.product-type.bundle.unit-test";
		};
		80CB6A9D2CCE7D2100EEC6A3 /* kinda-contacterUITests */ = {
			isa = PBXNativeTarget;
			buildConfigurationList = 80CB6AAF2CCE7D2100EEC6A3 /* Build configuration list for PBXNativeTarget "kinda-contacterUITests" */;
			buildPhases = (
				80CB6A9A2CCE7D2100EEC6A3 /* Sources */,
				80CB6A9B2CCE7D2100EEC6A3 /* Frameworks */,
				80CB6A9C2CCE7D2100EEC6A3 /* Resources */,
			);
			buildRules = (
			);
			dependencies = (
				80CB6AA02CCE7D2100EEC6A3 /* PBXTargetDependency */,
			);
			fileSystemSynchronizedGroups = (
				80CB6AA12CCE7D2100EEC6A3 /* kinda-contacterUITests */,
			);
			name = "kinda-contacterUITests";
			packageProductDependencies = (
			);
			productName = "kinda-contacterUITests";
			productReference = 80CB6A9E2CCE7D2100EEC6A3 /* kinda-contacterUITests.xctest */;
			productType = "com.apple.product-type.bundle.ui-testing";
		};
/* End PBXNativeTarget section */

/* Begin PBXProject section */
		80CB6A762CCE7D2000EEC6A3 /* Project object */ = {
			isa = PBXProject;
			attributes = {
				BuildIndependentTargetsInParallel = 1;
				LastSwiftUpdateCheck = 1600;
				LastUpgradeCheck = 1600;
				TargetAttributes = {
					80CB6A7D2CCE7D2000EEC6A3 = {
						CreatedOnToolsVersion = 16.0;
					};
					80CB6A932CCE7D2100EEC6A3 = {
						CreatedOnToolsVersion = 16.0;
						TestTargetID = 80CB6A7D2CCE7D2000EEC6A3;
					};
					80CB6A9D2CCE7D2100EEC6A3 = {
						CreatedOnToolsVersion = 16.0;
						TestTargetID = 80CB6A7D2CCE7D2000EEC6A3;
					};
				};
			};
			buildConfigurationList = 80CB6A792CCE7D2000EEC6A3 /* Build configuration list for PBXProject "kinda-contacter" */;
			developmentRegion = en;
			hasScannedForEncodings = 0;
			knownRegions = (
				en,
				Base,
			);
			mainGroup = 80CB6A752CCE7D2000EEC6A3;
			minimizedProjectReferenceProxies = 1;
			preferredProjectObjectVersion = 77;
			productRefGroup = 80CB6A7F2CCE7D2000EEC6A3 /* Products */;
			projectDirPath = "";
			projectRoot = "";
			targets = (
				80CB6A7D2CCE7D2000EEC6A3 /* kinda-contacter */,
				80CB6A932CCE7D2100EEC6A3 /* kinda-contacterTests */,
				80CB6A9D2CCE7D2100EEC6A3 /* kinda-contacterUITests */,
			);
		};
/* End PBXProject section */

/* Begin PBXResourcesBuildPhase section */
		80CB6A7C2CCE7D2000EEC6A3 /* Resources */ = {
			isa = PBXResourcesBuildPhase;
			buildActionMask = 2147483647;
			files = (
			);
			runOnlyForDeploymentPostprocessing = 0;
		};
		80CB6A922CCE7D2100EEC6A3 /* Resources */ = {
			isa = PBXResourcesBuildPhase;
			buildActionMask = 2147483647;
			files = (
			);
			runOnlyForDeploymentPostprocessing = 0;
		};
		80CB6A9C2CCE7D2100EEC6A3 /* Resources */ = {
			isa = PBXResourcesBuildPhase;
			buildActionMask = 2147483647;
			files = (
			);
			runOnlyForDeploymentPostprocessing = 0;
		};
/* End PBXResourcesBuildPhase section */

/* Begin PBXSourcesBuildPhase section */
		80CB6A7A2CCE7D2000EEC6A3 /* Sources */ = {
			isa = PBXSourcesBuildPhase;
			buildActionMask = 2147483647;
			files = (
			);
			runOnlyForDeploymentPostprocessing = 0;
		};
		80CB6A902CCE7D2100EEC6A3 /* Sources */ = {
			isa = PBXSourcesBuildPhase;
			buildActionMask = 2147483647;
			files = (
			);
			runOnlyForDeploymentPostprocessing = 0;
		};
		80CB6A9A2CCE7D2100EEC6A3 /* Sources */ = {
			isa = PBXSourcesBuildPhase;
			buildActionMask = 2147483647;
			files = (
			);
			runOnlyForDeploymentPostprocessing = 0;
		};
/* End PBXSourcesBuildPhase section */

/* Begin PBXTargetDependency section */
		80CB6A962CCE7D2100EEC6A3 /* PBXTargetDependency */ = {
			isa = PBXTargetDependency;
			target = 80CB6A7D2CCE7D2000EEC6A3 /* kinda-contacter */;
			targetProxy = 80CB6A952CCE7D2100EEC6A3 /* PBXContainerItemProxy */;
		};
		80CB6AA02CCE7D2100EEC6A3 /* PBXTargetDependency */ = {
			isa = PBXTargetDependency;
			target = 80CB6A7D2CCE7D2000EEC6A3 /* kinda-contacter */;
			targetProxy = 80CB6A9F2CCE7D2100EEC6A3 /* PBXContainerItemProxy */;
		};
/* End PBXTargetDependency section */

/* Begin XCBuildConfiguration section */
		80CB6AA82CCE7D2100EEC6A3 /* Debug */ = {
			isa = XCBuildConfiguration;
			buildSettings = {
				ASSETCATALOG_COMPILER_APPICON_NAME = AppIcon;
				ASSETCATALOG_COMPILER_GLOBAL_ACCENT_COLOR_NAME = AccentColor;
				CODE_SIGN_STYLE = Automatic;
				CURRENT_PROJECT_VERSION = 1;
				DEVELOPMENT_TEAM = Z763Y6Z974;
				GENERATE_INFOPLIST_FILE = YES;
				INFOPLIST_FILE = "kinda-contacter/Info.plist";
				INFOPLIST_KEY_UIApplicationSupportsIndirectInputEvents = YES;
				INFOPLIST_KEY_UILaunchStoryboardName = LaunchScreen;
				INFOPLIST_KEY_UIMainStoryboardFile = Main;
				INFOPLIST_KEY_UISupportedInterfaceOrientations_iPad = "UIInterfaceOrientationPortrait UIInterfaceOrientationPortraitUpsideDown UIInterfaceOrientationLandscapeLeft UIInterfaceOrientationLandscapeRight";
				INFOPLIST_KEY_UISupportedInterfaceOrientations_iPhone = "UIInterfaceOrientationPortrait UIInterfaceOrientationLandscapeLeft UIInterfaceOrientationLandscapeRight";
				LD_RUNPATH_SEARCH_PATHS = (
					"$(inherited)",
					"@executable_path/Frameworks",
				);
				MARKETING_VERSION = 1.0;
				PRODUCT_BUNDLE_IDENTIFIER = "com.kipa.kinda-contacter";
				PRODUCT_NAME = "$(TARGET_NAME)";
				SWIFT_EMIT_LOC_STRINGS = YES;
				SWIFT_VERSION = 5.0;
				TARGETED_DEVICE_FAMILY = "1,2";
			};
			name = Debug;
		};
		80CB6AA92CCE7D2100EEC6A3 /* Release */ = {
			isa = XCBuildConfiguration;
			buildSettings = {
				ASSETCATALOG_COMPILER_APPICON_NAME = AppIcon;
				ASSETCATALOG_COMPILER_GLOBAL_ACCENT_COLOR_NAME = AccentColor;
				CODE_SIGN_STYLE = Automatic;
				CURRENT_PROJECT_VERSION = 1;
				DEVELOPMENT_TEAM = Z763Y6Z974;
				GENERATE_INFOPLIST_FILE = YES;
				INFOPLIST_FILE = "kinda-contacter/Info.plist";
				INFOPLIST_KEY_UIApplicationSupportsIndirectInputEvents = YES;
				INFOPLIST_KEY_UILaunchStoryboardName = LaunchScreen;
				INFOPLIST_KEY_UIMainStoryboardFile = Main;
				INFOPLIST_KEY_UISupportedInterfaceOrientations_iPad = "UIInterfaceOrientationPortrait UIInterfaceOrientationPortraitUpsideDown UIInterfaceOrientationLandscapeLeft UIInterfaceOrientationLandscapeRight";
				INFOPLIST_KEY_UISupportedInterfaceOrientations_iPhone = "UIInterfaceOrientationPortrait UIInterfaceOrientationLandscapeLeft UIInterfaceOrientationLandscapeRight";
				LD_RUNPATH_SEARCH_PATHS = (
					"$(inherited)",
					"@executable_path/Frameworks",
				);
				MARKETING_VERSION = 1.0;
				PRODUCT_BUNDLE_IDENTIFIER = "com.kipa.kinda-contacter";
				PRODUCT_NAME = "$(TARGET_NAME)";
				SWIFT_EMIT_LOC_STRINGS = YES;
				SWIFT_VERSION = 5.0;
				TARGETED_DEVICE_FAMILY = "1,2";
			};
			name = Release;
		};
		80CB6AAA2CCE7D2100EEC6A3 /* Debug */ = {
			isa = XCBuildConfiguration;
			buildSettings = {
				ALWAYS_SEARCH_USER_PATHS = NO;
				ASSETCATALOG_COMPILER_GENERATE_SWIFT_ASSET_SYMBOL_EXTENSIONS = YES;
				CLANG_ANALYZER_NONNULL = YES;
				CLANG_ANALYZER_NUMBER_OBJECT_CONVERSION = YES_AGGRESSIVE;
				CLANG_CXX_LANGUAGE_STANDARD = "gnu++20";
				CLANG_ENABLE_MODULES = YES;
				CLANG_ENABLE_OBJC_ARC = YES;
				CLANG_ENABLE_OBJC_WEAK = YES;
				CLANG_WARN_BLOCK_CAPTURE_AUTORELEASING = YES;
				CLANG_WARN_BOOL_CONVERSION = YES;
				CLANG_WARN_COMMA = YES;
				CLANG_WARN_CONSTANT_CONVERSION = YES;
				CLANG_WARN_DEPRECATED_OBJC_IMPLEMENTATIONS = YES;
				CLANG_WARN_DIRECT_OBJC_ISA_USAGE = YES_ERROR;
				CLANG_WARN_DOCUMENTATION_COMMENTS = YES;
				CLANG_WARN_EMPTY_BODY = YES;
				CLANG_WARN_ENUM_CONVERSION = YES;
				CLANG_WARN_INFINITE_RECURSION = YES;
				CLANG_WARN_INT_CONVERSION = YES;
				CLANG_WARN_NON_LITERAL_NULL_CONVERSION = YES;
				CLANG_WARN_OBJC_IMPLICIT_RETAIN_SELF = YES;
				CLANG_WARN_OBJC_LITERAL_CONVERSION = YES;
				CLANG_WARN_OBJC_ROOT_CLASS = YES_ERROR;
				CLANG_WARN_QUOTED_INCLUDE_IN_FRAMEWORK_HEADER = YES;
				CLANG_WARN_RANGE_LOOP_ANALYSIS = YES;
				CLANG_WARN_STRICT_PROTOTYPES = YES;
				CLANG_WARN_SUSPICIOUS_MOVE = YES;
				CLANG_WARN_UNGUARDED_AVAILABILITY = YES_AGGRESSIVE;
				CLANG_WARN_UNREACHABLE_CODE = YES;
				CLANG_WARN__DUPLICATE_METHOD_MATCH = YES;
				COPY_PHASE_STRIP = NO;
				DEBUG_INFORMATION_FORMAT = dwarf;
				ENABLE_STRICT_OBJC_MSGSEND = YES;
				ENABLE_TESTABILITY = YES;
				ENABLE_USER_SCRIPT_SANDBOXING = YES;
				GCC_C_LANGUAGE_STANDARD = gnu17;
				GCC_DYNAMIC_NO_PIC = NO;
				GCC_NO_COMMON_BLOCKS = YES;
				GCC_OPTIMIZATION_LEVEL = 0;
				GCC_PREPROCESSOR_DEFINITIONS = (
					"DEBUG=1",
					"$(inherited)",
				);
				GCC_WARN_64_TO_32_BIT_CONVERSION = YES;
				GCC_WARN_ABOUT_RETURN_TYPE = YES_ERROR;
				GCC_WARN_UNDECLARED_SELECTOR = YES;
				GCC_WARN_UNINITIALIZED_AUTOS = YES_AGGRESSIVE;
				GCC_WARN_UNUSED_FUNCTION = YES;
				GCC_WARN_UNUSED_VARIABLE = YES;
				IPHONEOS_DEPLOYMENT_TARGET = 18.0;
				LOCALIZATION_PREFERS_STRING_CATALOGS = YES;
				MTL_ENABLE_DEBUG_INFO = INCLUDE_SOURCE;
				MTL_FAST_MATH = YES;
				ONLY_ACTIVE_ARCH = YES;
				SDKROOT = iphoneos;
				SWIFT_ACTIVE_COMPILATION_CONDITIONS = "DEBUG $(inherited)";
				SWIFT_OPTIMIZATION_LEVEL = "-Onone";
			};
			name = Debug;
		};
		80CB6AAB2CCE7D2100EEC6A3 /* Release */ = {
			isa = XCBuildConfiguration;
			buildSettings = {
				ALWAYS_SEARCH_USER_PATHS = NO;
				ASSETCATALOG_COMPILER_GENERATE_SWIFT_ASSET_SYMBOL_EXTENSIONS = YES;
				CLANG_ANALYZER_NONNULL = YES;
				CLANG_ANALYZER_NUMBER_OBJECT_CONVERSION = YES_AGGRESSIVE;
				CLANG_CXX_LANGUAGE_STANDARD = "gnu++20";
				CLANG_ENABLE_MODULES = YES;
				CLANG_ENABLE_OBJC_ARC = YES;
				CLANG_ENABLE_OBJC_WEAK = YES;
				CLANG_WARN_BLOCK_CAPTURE_AUTORELEASING = YES;
				CLANG_WARN_BOOL_CONVERSION = YES;
				CLANG_WARN_COMMA = YES;
				CLANG_WARN_CONSTANT_CONVERSION = YES;
				CLANG_WARN_DEPRECATED_OBJC_IMPLEMENTATIONS = YES;
				CLANG_WARN_DIRECT_OBJC_ISA_USAGE = YES_ERROR;
				CLANG_WARN_DOCUMENTATION_COMMENTS = YES;
				CLANG_WARN_EMPTY_BODY = YES;
				CLANG_WARN_ENUM_CONVERSION = YES;
				CLANG_WARN_INFINITE_RECURSION = YES;
				CLANG_WARN_INT_CONVERSION = YES;
				CLANG_WARN_NON_LITERAL_NULL_CONVERSION = YES;
				CLANG_WARN_OBJC_IMPLICIT_RETAIN_SELF = YES;
				CLANG_WARN_OBJC_LITERAL_CONVERSION = YES;
				CLANG_WARN_OBJC_ROOT_CLASS = YES_ERROR;
				CLANG_WARN_QUOTED_INCLUDE_IN_FRAMEWORK_HEADER = YES;
				CLANG_WARN_RANGE_LOOP_ANALYSIS = YES;
				CLANG_WARN_STRICT_PROTOTYPES = YES;
				CLANG_WARN_SUSPICIOUS_MOVE = YES;
				CLANG_WARN_UNGUARDED_AVAILABILITY = YES_AGGRESSIVE;
				CLANG_WARN_UNREACHABLE_CODE = YES;
				CLANG_WARN__DUPLICATE_METHOD_MATCH = YES;
				COPY_PHASE_STRIP = NO;
				DEBUG_INFORMATION_FORMAT = "dwarf-with-dsym";
				ENABLE_NS_ASSERTIONS = NO;
				ENABLE_STRICT_OBJC_MSGSEND = YES;
				ENABLE_USER_SCRIPT_SANDBOXING = YES;
				GCC_C_LANGUAGE_STANDARD = gnu17;
				GCC_NO_COMMON_BLOCKS = YES;
				GCC_WARN_64_TO_32_BIT_CONVERSION = YES;
				GCC_WARN_ABOUT_RETURN_TYPE = YES_ERROR;
				GCC_WARN_UNDECLARED_SELECTOR = YES;
				GCC_WARN_UNINITIALIZED_AUTOS = YES_AGGRESSIVE;
				GCC_WARN_UNUSED_FUNCTION = YES;
				GCC_WARN_UNUSED_VARIABLE = YES;
				IPHONEOS_DEPLOYMENT_TARGET = 18.0;
				LOCALIZATION_PREFERS_STRING_CATALOGS = YES;
				MTL_ENABLE_DEBUG_INFO = NO;
				MTL_FAST_MATH = YES;
				SDKROOT = iphoneos;
				SWIFT_COMPILATION_MODE = wholemodule;
				VALIDATE_PRODUCT = YES;
			};
			name = Release;
		};
		80CB6AAD2CCE7D2100EEC6A3 /* Debug */ = {
			isa = XCBuildConfiguration;
			buildSettings = {
				BUNDLE_LOADER = "$(TEST_HOST)";
				CODE_SIGN_STYLE = Automatic;
				CURRENT_PROJECT_VERSION = 1;
				DEVELOPMENT_TEAM = Z763Y6Z974;
				GENERATE_INFOPLIST_FILE = YES;
				IPHONEOS_DEPLOYMENT_TARGET = 18.0;
				MARKETING_VERSION = 1.0;
				PRODUCT_BUNDLE_IDENTIFIER = "com.kipa.kinda-contacterTests";
				PRODUCT_NAME = "$(TARGET_NAME)";
				SWIFT_EMIT_LOC_STRINGS = NO;
				SWIFT_VERSION = 5.0;
				TARGETED_DEVICE_FAMILY = "1,2";
				TEST_HOST = "$(BUILT_PRODUCTS_DIR)/kinda-contacter.app/$(BUNDLE_EXECUTABLE_FOLDER_PATH)/kinda-contacter";
			};
			name = Debug;
		};
		80CB6AAE2CCE7D2100EEC6A3 /* Release */ = {
			isa = XCBuildConfiguration;
			buildSettings = {
				BUNDLE_LOADER = "$(TEST_HOST)";
				CODE_SIGN_STYLE = Automatic;
				CURRENT_PROJECT_VERSION = 1;
				DEVELOPMENT_TEAM = Z763Y6Z974;
				GENERATE_INFOPLIST_FILE = YES;
				IPHONEOS_DEPLOYMENT_TARGET = 18.0;
				MARKETING_VERSION = 1.0;
				PRODUCT_BUNDLE_IDENTIFIER = "com.kipa.kinda-contacterTests";
				PRODUCT_NAME = "$(TARGET_NAME)";
				SWIFT_EMIT_LOC_STRINGS = NO;
				SWIFT_VERSION = 5.0;
				TARGETED_DEVICE_FAMILY = "1,2";
				TEST_HOST = "$(BUILT_PRODUCTS_DIR)/kinda-contacter.app/$(BUNDLE_EXECUTABLE_FOLDER_PATH)/kinda-contacter";
			};
			name = Release;
		};
		80CB6AB02CCE7D2100EEC6A3 /* Debug */ = {
			isa = XCBuildConfiguration;
			buildSettings = {
				CODE_SIGN_STYLE = Automatic;
				CURRENT_PROJECT_VERSION = 1;
				DEVELOPMENT_TEAM = Z763Y6Z974;
				GENERATE_INFOPLIST_FILE = YES;
				MARKETING_VERSION = 1.0;
				PRODUCT_BUNDLE_IDENTIFIER = "com.kipa.kinda-contacterUITests";
				PRODUCT_NAME = "$(TARGET_NAME)";
				SWIFT_EMIT_LOC_STRINGS = NO;
				SWIFT_VERSION = 5.0;
				TARGETED_DEVICE_FAMILY = "1,2";
				TEST_TARGET_NAME = "kinda-contacter";
			};
			name = Debug;
		};
		80CB6AB12CCE7D2100EEC6A3 /* Release */ = {
			isa = XCBuildConfiguration;
			buildSettings = {
				CODE_SIGN_STYLE = Automatic;
				CURRENT_PROJECT_VERSION = 1;
				DEVELOPMENT_TEAM = Z763Y6Z974;
				GENERATE_INFOPLIST_FILE = YES;
				MARKETING_VERSION = 1.0;
				PRODUCT_BUNDLE_IDENTIFIER = "com.kipa.kinda-contacterUITests";
				PRODUCT_NAME = "$(TARGET_NAME)";
				SWIFT_EMIT_LOC_STRINGS = NO;
				SWIFT_VERSION = 5.0;
				TARGETED_DEVICE_FAMILY = "1,2";
				TEST_TARGET_NAME = "kinda-contacter";
			};
			name = Release;
		};
/* End XCBuildConfiguration section */

/* Begin XCConfigurationList section */
		80CB6A792CCE7D2000EEC6A3 /* Build configuration list for PBXProject "kinda-contacter" */ = {
			isa = XCConfigurationList;
			buildConfigurations = (
				80CB6AAA2CCE7D2100EEC6A3 /* Debug */,
				80CB6AAB2CCE7D2100EEC6A3 /* Release */,
			);
			defaultConfigurationIsVisible = 0;
			defaultConfigurationName = Release;
		};
		80CB6AA72CCE7D2100EEC6A3 /* Build configuration list for PBXNativeTarget "kinda-contacter" */ = {
			isa = XCConfigurationList;
			buildConfigurations = (
				80CB6AA82CCE7D2100EEC6A3 /* Debug */,
				80CB6AA92CCE7D2100EEC6A3 /* Release */,
			);
			defaultConfigurationIsVisible = 0;
			defaultConfigurationName = Release;
		};
		80CB6AAC2CCE7D2100EEC6A3 /* Build configuration list for PBXNativeTarget "kinda-contacterTests" */ = {
			isa = XCConfigurationList;
			buildConfigurations = (
				80CB6AAD2CCE7D2100EEC6A3 /* Debug */,
				80CB6AAE2CCE7D2100EEC6A3 /* Release */,
			);
			defaultConfigurationIsVisible = 0;
			defaultConfigurationName = Release;
		};
		80CB6AAF2CCE7D2100EEC6A3 /* Build configuration list for PBXNativeTarget "kinda-contacterUITests" */ = {
			isa = XCConfigurationList;
			buildConfigurations = (
				80CB6AB02CCE7D2100EEC6A3 /* Debug */,
				80CB6AB12CCE7D2100EEC6A3 /* Release */,
			);
			defaultConfigurationIsVisible = 0;
			defaultConfigurationName = Release;
		};
/* End XCConfigurationList section */
	};
	rootObject = 80CB6A762CCE7D2000EEC6A3 /* Project object */;
}
